{
  "name": "@bdxi/beldex-app-bridge",
  "version": "1.0.0",
  "lockfileVersion": 2,
  "requires": true,
  "packages": {
    "": {
      "name": "@bdxi/beldex-app-bridge",
      "version": "1.0.0",
      "license": "BSD-3-Clause",
      "dependencies": {
        "@bdxi/beldex-bigint": "^1.0.0",
        "@bdxi/beldex-bridge-utils": "^1.0.0",
        "@bdxi/beldex-nettype": "^1.0.0"
      }
    },
    "node_modules/@bdxi/beldex-bigint": {
      "version": "1.0.0",
      "resolved": "https://registry.npmjs.org/@bdxi/beldex-bigint/-/beldex-bigint-1.0.0.tgz",
      "integrity": "sha512-mqMcMwvfdAvpEGVM6+MF9EgEHAznFm4rq/dEr5a16akdSBmKd0B+sfIDdtqXCRM8p8msI83gqVG2QF1BZpNhRg=="
    },
    "node_modules/@bdxi/beldex-bridge-utils": {
      "version": "1.0.0",
      "resolved": "https://registry.npmjs.org/@bdxi/beldex-bridge-utils/-/beldex-bridge-utils-1.0.0.tgz",
      "integrity": "sha512-6uf0rlksWg3zhxfOAQZjO6iWwMidxzU89g+mx4eQTG+nSqA0UbC6lrtXiScNsNL9TbyRdQn30fR1HcyvJ4O7sQ=="
    },
    "node_modules/@bdxi/beldex-nettype": {
      "version": "1.0.0",
      "resolved": "https://registry.npmjs.org/@bdxi/beldex-nettype/-/beldex-nettype-1.0.0.tgz",
      "integrity": "sha512-FCbstfpCxSEBe7degm0U7GwTMlBnIhdB567q6RETaJMNjUxgl3FiBjIvzom94QhKZjiygYMsGGbfe9Gm3GU5ig=="
    }
  },
  "dependencies": {
    "@bdxi/beldex-bigint": {
      "version": "1.0.0",
      "resolved": "https://registry.npmjs.org/@bdxi/beldex-bigint/-/beldex-bigint-1.0.0.tgz",
      "integrity": "sha512-mqMcMwvfdAvpEGVM6+MF9EgEHAznFm4rq/dEr5a16akdSBmKd0B+sfIDdtqXCRM8p8msI83gqVG2QF1BZpNhRg=="
    },
    "@bdxi/beldex-bridge-utils": {
      "version": "1.0.0",
      "resolved": "https://registry.npmjs.org/@bdxi/beldex-bridge-utils/-/beldex-bridge-utils-1.0.0.tgz",
      "integrity": "sha512-6uf0rlksWg3zhxfOAQZjO6iWwMidxzU89g+mx4eQTG+nSqA0UbC6lrtXiScNsNL9TbyRdQn30fR1HcyvJ4O7sQ=="
    },
    "@bdxi/beldex-nettype": {
      "version": "1.0.0",
      "resolved": "https://registry.npmjs.org/@bdxi/beldex-nettype/-/beldex-nettype-1.0.0.tgz",
      "integrity": "sha512-FCbstfpCxSEBe7degm0U7GwTMlBnIhdB567q6RETaJMNjUxgl3FiBjIvzom94QhKZjiygYMsGGbfe9Gm3GU5ig=="
    }
  }
}
