{
  "name": "@mymonero/mymonero-tx-parsing-utils",
  "version": "3.0.0",
  "lockfileVersion": 2,
  "requires": true,
  "packages": {
    "": {
      "name": "@mymonero/mymonero-tx-parsing-utils",
      "version": "3.0.0",
      "license": "BSD-3-Clause",
      "dependencies": {
        "@bdxi/beldex-app-bridge": "^1.0.0",
        "@bdxi/beldex-config": "^1.0.0",
        "@bdxi/beldex-keyimage-cache": "^1.0.0",
        "@bdxi/beldex-money-format": "^1.0.0",
        "moment": "^2.29.4"
      }
    },
    "node_modules/@bdxi/beldex-app-bridge": {
      "version": "1.0.0",
      "resolved": "https://registry.npmjs.org/@bdxi/beldex-app-bridge/-/beldex-app-bridge-1.0.0.tgz",
      "integrity": "sha512-roZcIVPR9WL0HmcqNxiMzzTqpZ1vNFAXIAcrsIUMmQho21gpNb/e9UCXYZbwuCnemIYSva5jXgwuaAJcDoF1iw==",
      "dependencies": {
        "@bdxi/beldex-bigint": "^1.0.0",
        "@bdxi/beldex-bridge-utils": "^1.0.0",
        "@bdxi/beldex-nettype": "^1.0.0"
      }
    },
    "node_modules/@bdxi/beldex-bigint": {
      "version": "1.0.0",
      "resolved": "https://registry.npmjs.org/@bdxi/beldex-bigint/-/beldex-bigint-1.0.0.tgz",
      "integrity": "sha512-mqMcMwvfdAvpEGVM6+MF9EgEHAznFm4rq/dEr5a16akdSBmKd0B+sfIDdtqXCRM8p8msI83gqVG2QF1BZpNhRg=="
    },
    "node_modules/@bdxi/beldex-bridge-utils": {
      "version": "1.0.0",
      "resolved": "https://registry.npmjs.org/@bdxi/beldex-bridge-utils/-/beldex-bridge-utils-1.0.0.tgz",
      "integrity": "sha512-6uf0rlksWg3zhxfOAQZjO6iWwMidxzU89g+mx4eQTG+nSqA0UbC6lrtXiScNsNL9TbyRdQn30fR1HcyvJ4O7sQ=="
    },
    "node_modules/@bdxi/beldex-config": {
      "version": "1.0.0",
      "resolved": "https://registry.npmjs.org/@bdxi/beldex-config/-/beldex-config-1.0.0.tgz",
      "integrity": "sha512-4lvMdmr89WFZR9ZStsbXV+MMgtSRBxybNDz17qRc0yHAZNQaXrsnqFgMSP4upVcSkRwEoG+yYIp2uM7xupvBTQ==",
      "dependencies": {
        "@bdxi/beldex-bigint": "^1.0.0"
      }
    },
    "node_modules/@bdxi/beldex-keyimage-cache": {
      "version": "1.0.0",
      "resolved": "https://registry.npmjs.org/@bdxi/beldex-keyimage-cache/-/beldex-keyimage-cache-1.0.0.tgz",
      "integrity": "sha512-V0H/4ehOyKKmBZ+idnVsFwqtbxshDEGCIwShqmYHcvjDvoWbL/QGkt1e7/gPqTGe6ljmTrAXQ48ED0tkPTLh9w=="
    },
    "node_modules/@bdxi/beldex-money-format": {
      "version": "1.0.0",
      "resolved": "https://registry.npmjs.org/@bdxi/beldex-money-format/-/beldex-money-format-1.0.0.tgz",
      "integrity": "sha512-Hn3Qo41qM9wqG6E3E3B1CHsIDH/vZ+quHenihRPORp9s8ZCSGXv3Bj3XR8zDIvDOTvBfsrBpEQGdok4Lf41/+w==",
      "dependencies": {
        "@bdxi/beldex-bigint": "^1.0.0"
      }
    },
    "node_modules/@bdxi/beldex-nettype": {
      "version": "1.0.0",
      "resolved": "https://registry.npmjs.org/@bdxi/beldex-nettype/-/beldex-nettype-1.0.0.tgz",
      "integrity": "sha512-FCbstfpCxSEBe7degm0U7GwTMlBnIhdB567q6RETaJMNjUxgl3FiBjIvzom94QhKZjiygYMsGGbfe9Gm3GU5ig=="
    },
    "node_modules/moment": {
      "version": "2.29.4",
      "resolved": "https://registry.npmjs.org/moment/-/moment-2.29.4.tgz",
      "integrity": "sha512-5LC9SOxjSc2HF6vO2CyuTDNivEdoz2IvyJJGj6X8DJ0eFyfszE0QiEd+iXmBvUP3WHxSjFH/vIsA0EN00cgr8w==",
      "engines": {
        "node": "*"
      }
    }
  },
  "dependencies": {
    "@bdxi/beldex-app-bridge": {
      "version": "1.0.0",
      "resolved": "https://registry.npmjs.org/@bdxi/beldex-app-bridge/-/beldex-app-bridge-1.0.0.tgz",
      "integrity": "sha512-roZcIVPR9WL0HmcqNxiMzzTqpZ1vNFAXIAcrsIUMmQho21gpNb/e9UCXYZbwuCnemIYSva5jXgwuaAJcDoF1iw==",
      "requires": {
        "@bdxi/beldex-bigint": "^1.0.0",
        "@bdxi/beldex-bridge-utils": "^1.0.0",
        "@bdxi/beldex-nettype": "^1.0.0"
      }
    },
    "@bdxi/beldex-bigint": {
      "version": "1.0.0",
      "resolved": "https://registry.npmjs.org/@bdxi/beldex-bigint/-/beldex-bigint-1.0.0.tgz",
      "integrity": "sha512-mqMcMwvfdAvpEGVM6+MF9EgEHAznFm4rq/dEr5a16akdSBmKd0B+sfIDdtqXCRM8p8msI83gqVG2QF1BZpNhRg=="
    },
    "@bdxi/beldex-bridge-utils": {
      "version": "1.0.0",
      "resolved": "https://registry.npmjs.org/@bdxi/beldex-bridge-utils/-/beldex-bridge-utils-1.0.0.tgz",
      "integrity": "sha512-6uf0rlksWg3zhxfOAQZjO6iWwMidxzU89g+mx4eQTG+nSqA0UbC6lrtXiScNsNL9TbyRdQn30fR1HcyvJ4O7sQ=="
    },
    "@bdxi/beldex-config": {
      "version": "1.0.0",
      "resolved": "https://registry.npmjs.org/@bdxi/beldex-config/-/beldex-config-1.0.0.tgz",
      "integrity": "sha512-4lvMdmr89WFZR9ZStsbXV+MMgtSRBxybNDz17qRc0yHAZNQaXrsnqFgMSP4upVcSkRwEoG+yYIp2uM7xupvBTQ==",
      "requires": {
        "@bdxi/beldex-bigint": "^1.0.0"
      }
    },
    "@bdxi/beldex-keyimage-cache": {
      "version": "1.0.0",
      "resolved": "https://registry.npmjs.org/@bdxi/beldex-keyimage-cache/-/beldex-keyimage-cache-1.0.0.tgz",
      "integrity": "sha512-V0H/4ehOyKKmBZ+idnVsFwqtbxshDEGCIwShqmYHcvjDvoWbL/QGkt1e7/gPqTGe6ljmTrAXQ48ED0tkPTLh9w=="
    },
    "@bdxi/beldex-money-format": {
      "version": "1.0.0",
      "resolved": "https://registry.npmjs.org/@bdxi/beldex-money-format/-/beldex-money-format-1.0.0.tgz",
      "integrity": "sha512-Hn3Qo41qM9wqG6E3E3B1CHsIDH/vZ+quHenihRPORp9s8ZCSGXv3Bj3XR8zDIvDOTvBfsrBpEQGdok4Lf41/+w==",
      "requires": {
        "@bdxi/beldex-bigint": "^1.0.0"
      }
    },
    "@bdxi/beldex-nettype": {
      "version": "1.0.0",
      "resolved": "https://registry.npmjs.org/@bdxi/beldex-nettype/-/beldex-nettype-1.0.0.tgz",
      "integrity": "sha512-FCbstfpCxSEBe7degm0U7GwTMlBnIhdB567q6RETaJMNjUxgl3FiBjIvzom94QhKZjiygYMsGGbfe9Gm3GU5ig=="
    },
    "moment": {
      "version": "2.29.4",
      "resolved": "https://registry.npmjs.org/moment/-/moment-2.29.4.tgz",
      "integrity": "sha512-5LC9SOxjSc2HF6vO2CyuTDNivEdoz2IvyJJGj6X8DJ0eFyfszE0QiEd+iXmBvUP3WHxSjFH/vIsA0EN00cgr8w=="
    }
  }
}
